
Microsoft Visual Studio Solution File, Format Version 12.00
# Visual Studio Version 16
VisualStudioVersion = 16.0.30225.117
MinimumVisualStudioVersion = 10.0.40219.1
Project("{F184B08F-C81C-45F6-A57F-5ABD9991F28F}") = "WebApplication2", "WebApplication2\WebApplication2.vbproj", "{47FE8A57-F718-4FF6-A16C-67BB0EBD8F97}"
EndProject
Global
	GlobalSection(SolutionConfigurationPlatforms) = preSolution
		Debug|Any CPU = Debug|Any CPU
		Release|Any CPU = Release|Any CPU
	EndGlobalSection
	GlobalSection(ProjectConfigurationPlatforms) = postSolution
		{47FE8A57-F718-4FF6-A16C-67BB0EBD8F97}.Debug|Any CPU.ActiveCfg = Debug|Any CPU
		{47FE8A57-F718-4FF6-A16C-67BB0EBD8F97}.Debug|Any CPU.Build.0 = Debug|Any CPU
		{47FE8A57-F718-4FF6-A16C-67BB0EBD8F97}.Release|Any CPU.ActiveCfg = Release|Any CPU
		{47FE8A57-F718-4FF6-A16C-67BB0EBD8F97}.Release|Any CPU.Build.0 = Release|Any CPU
	EndGlobalSection
	GlobalSection(SolutionProperties) = preSolution
		HideSolutionNode = FALSE
	EndGlobalSection
	GlobalSection(ExtensibilityGlobals) = postSolution
		SolutionGuid = {6D251C8F-DBED-4806-AA31-2FCC475DBD62}
	EndGlobalSection
EndGlobal
